// !$*UTF8*$!
{
	archiveVersion = 1;
	classes = {
	};
	objectVersion = 77;
	objects = {

/* Begin PBXBuildFile section */
		AF656C672D19AAA200F523EC /* RxBlocking in Frameworks */ = {isa = PBXBuildFile; productRef = AF656C662D19AAA200F523EC /* RxBlocking */; };
		AF656C692D19AAA200F523EC /* RxCocoa in Frameworks */ = {isa = PBXBuildFile; productRef = AF656C682D19AAA200F523EC /* RxCocoa */; };
		AF656C6B2D19AAA200F523EC /* RxRelay in Frameworks */ = {isa = PBXBuildFile; productRef = AF656C6A2D19AAA200F523EC /* RxRelay */; };
		AF656C6D2D19AAA200F523EC /* RxSwift in Frameworks */ = {isa = PBXBuildFile; productRef = AF656C6C2D19AAA200F523EC /* RxSwift */; };
		AF656C6F2D19AAA200F523EC /* RxTest in Frameworks */ = {isa = PBXBuildFile; productRef = AF656C6E2D19AAA200F523EC /* RxTest */; };
/* End PBXBuildFile section */

/* Begin PBXContainerItemProxy section */
		AF656B5B2D13E1D500F523EC /* PBXContainerItemProxy */ = {
			isa = PBXContainerItemProxy;
			containerPortal = AF656B3C2D13E1D300F523EC /* Project object */;
			proxyType = 1;
			remoteGlobalIDString = AF656B432D13E1D300F523EC;
			remoteInfo = DevNote;
		};
		AF656B652D13E1D500F523EC /* PBXContainerItemProxy */ = {
			isa = PBXContainerItemProxy;
			containerPortal = AF656B3C2D13E1D300F523EC /* Project object */;
			proxyType = 1;
			remoteGlobalIDString = AF656B432D13E1D300F523EC;
			remoteInfo = DevNote;
		};
/* End PBXContainerItemProxy section */

/* Begin PBXFileReference section */
		AF656B442D13E1D300F523EC /* DevNote.app */ = {isa = PBXFileReference; explicitFileType = wrapper.application; includeInIndex = 0; path = DevNote.app; sourceTree = BUILT_PRODUCTS_DIR; };
		AF656B5A2D13E1D500F523EC /* DevNoteTests.xctest */ = {isa = PBXFileReference; explicitFileType = wrapper.cfbundle; includeInIndex = 0; path = DevNoteTests.xctest; sourceTree = BUILT_PRODUCTS_DIR; };
		AF656B642D13E1D500F523EC /* DevNoteUITests.xctest */ = {isa = PBXFileReference; explicitFileType = wrapper.cfbundle; includeInIndex = 0; path = DevNoteUITests.xctest; sourceTree = BUILT_PRODUCTS_DIR; };
/* End PBXFileReference section */

/* Begin PBXFileSystemSynchronizedBuildFileExceptionSet section */
		AF656B6C2D13E1D500F523EC /* Exceptions for "DevNote" folder in "DevNote" target */ = {
			isa = PBXFileSystemSynchronizedBuildFileExceptionSet;
			membershipExceptions = (
				Info.plist,
			);
			target = AF656B432D13E1D300F523EC /* DevNote */;
		};
/* End PBXFileSystemSynchronizedBuildFileExceptionSet section */

/* Begin PBXFileSystemSynchronizedRootGroup section */
		AF656B462D13E1D300F523EC /* DevNote */ = {
			isa = PBXFileSystemSynchronizedRootGroup;
			exceptions = (
				AF656B6C2D13E1D500F523EC /* Exceptions for "DevNote" folder in "DevNote" target */,
			);
			path = DevNote;
			sourceTree = "<group>";
		};
		AF656B5D2D13E1D500F523EC /* DevNoteTests */ = {
			isa = PBXFileSystemSynchronizedRootGroup;
			path = DevNoteTests;
			sourceTree = "<group>";
		};
		AF656B672D13E1D500F523EC /* DevNoteUITests */ = {
			isa = PBXFileSystemSynchronizedRootGroup;
			path = DevNoteUITests;
			sourceTree = "<group>";
		};
/* End PBXFileSystemSynchronizedRootGroup section */

/* Begin PBXFrameworksBuildPhase section */
		AF656B412D13E1D300F523EC /* Frameworks */ = {
			isa = PBXFrameworksBuildPhase;
			buildActionMask = 2147483647;
			files = (
				AF656C6D2D19AAA200F523EC /* RxSwift in Frameworks */,
				AF656C6B2D19AAA200F523EC /* RxRelay in Frameworks */,
				AF656C692D19AAA200F523EC /* RxCocoa in Frameworks */,
			);
			runOnlyForDeploymentPostprocessing = 0;
		};
		AF656B572D13E1D500F523EC /* Frameworks */ = {
			isa = PBXFrameworksBuildPhase;
			buildActionMask = 2147483647;
			files = (
				AF656C6F2D19AAA200F523EC /* RxTest in Frameworks */,
				AF656C672D19AAA200F523EC /* RxBlocking in Frameworks */,
			);
			runOnlyForDeploymentPostprocessing = 0;
		};
		AF656B612D13E1D500F523EC /* Frameworks */ = {
			isa = PBXFrameworksBuildPhase;
			buildActionMask = 2147483647;
			files = (
			);
			runOnlyForDeploymentPostprocessing = 0;
		};
/* End PBXFrameworksBuildPhase section */

/* Begin PBXGroup section */
		AF656B3B2D13E1D300F523EC = {
			isa = PBXGroup;
			children = (
				AF656B462D13E1D300F523EC /* DevNote */,
				AF656B5D2D13E1D500F523EC /* DevNoteTests */,
				AF656B672D13E1D500F523EC /* DevNoteUITests */,
				AF656B452D13E1D300F523EC /* Products */,
			);
			sourceTree = "<group>";
		};
		AF656B452D13E1D300F523EC /* Products */ = {
			isa = PBXGroup;
			children = (
				AF656B442D13E1D300F523EC /* DevNote.app */,
				AF656B5A2D13E1D500F523EC /* DevNoteTests.xctest */,
				AF656B642D13E1D500F523EC /* DevNoteUITests.xctest */,
			);
			name = Products;
			sourceTree = "<group>";
		};
/* End PBXGroup section */

/* Begin PBXNativeTarget section */
		AF656B432D13E1D300F523EC /* DevNote */ = {
			isa = PBXNativeTarget;
			buildConfigurationList = AF656B6D2D13E1D500F523EC /* Build configuration list for PBXNativeTarget "DevNote" */;
			buildPhases = (
				AF656B402D13E1D300F523EC /* Sources */,
				AF656B412D13E1D300F523EC /* Frameworks */,
				AF656B422D13E1D300F523EC /* Resources */,
			);
			buildRules = (
			);
			dependencies = (
			);
			fileSystemSynchronizedGroups = (
				AF656B462D13E1D300F523EC /* DevNote */,
			);
			name = DevNote;
			packageProductDependencies = (
				AF656C682D19AAA200F523EC /* RxCocoa */,
				AF656C6A2D19AAA200F523EC /* RxRelay */,
				AF656C6C2D19AAA200F523EC /* RxSwift */,
			);
			productName = DevNote;
			productReference = AF656B442D13E1D300F523EC /* DevNote.app */;
			productType = "com.apple.product-type.application";
		};
		AF656B592D13E1D500F523EC /* DevNoteTests */ = {
			isa = PBXNativeTarget;
			buildConfigurationList = AF656B722D13E1D500F523EC /* Build configuration list for PBXNativeTarget "DevNoteTests" */;
			buildPhases = (
				AF656B562D13E1D500F523EC /* Sources */,
				AF656B572D13E1D500F523EC /* Frameworks */,
				AF656B582D13E1D500F523EC /* Resources */,
			);
			buildRules = (
			);
			dependencies = (
				AF656B5C2D13E1D500F523EC /* PBXTargetDependency */,
			);
			fileSystemSynchronizedGroups = (
				AF656B5D2D13E1D500F523EC /* DevNoteTests */,
			);
			name = DevNoteTests;
			packageProductDependencies = (
				AF656C662D19AAA200F523EC /* RxBlocking */,
				AF656C6E2D19AAA200F523EC /* RxTest */,
			);
			productName = DevNoteTests;
			productReference = AF656B5A2D13E1D500F523EC /* DevNoteTests.xctest */;
			productType = "com.apple.product-type.bundle.unit-test";
		};
		AF656B632D13E1D500F523EC /* DevNoteUITests */ = {
			isa = PBXNativeTarget;
			buildConfigurationList = AF656B752D13E1D500F523EC /* Build configuration list for PBXNativeTarget "DevNoteUITests" */;
			buildPhases = (
				AF656B602D13E1D500F523EC /* Sources */,
				AF656B612D13E1D500F523EC /* Frameworks */,
				AF656B622D13E1D500F523EC /* Resources */,
			);
			buildRules = (
			);
			dependencies = (
				AF656B662D13E1D500F523EC /* PBXTargetDependency */,
			);
			fileSystemSynchronizedGroups = (
				AF656B672D13E1D500F523EC /* DevNoteUITests */,
			);
			name = DevNoteUITests;
			packageProductDependencies = (
			);
			productName = DevNoteUITests;
			productReference = AF656B642D13E1D500F523EC /* DevNoteUITests.xctest */;
			productType = "com.apple.product-type.bundle.ui-testing";
		};
/* End PBXNativeTarget section */

/* Begin PBXProject section */
		AF656B3C2D13E1D300F523EC /* Project object */ = {
			isa = PBXProject;
			attributes = {
				BuildIndependentTargetsInParallel = 1;
				LastSwiftUpdateCheck = 1620;
				LastUpgradeCheck = 1620;
				TargetAttributes = {
					AF656B432D13E1D300F523EC = {
						CreatedOnToolsVersion = 16.2;
					};
					AF656B592D13E1D500F523EC = {
						CreatedOnToolsVersion = 16.2;
						TestTargetID = AF656B432D13E1D300F523EC;
					};
					AF656B632D13E1D500F523EC = {
						CreatedOnToolsVersion = 16.2;
						TestTargetID = AF656B432D13E1D300F523EC;
					};
				};
			};
			buildConfigurationList = AF656B3F2D13E1D300F523EC /* Build configuration list for PBXProject "DevNote" */;
			developmentRegion = en;
			hasScannedForEncodings = 0;
			knownRegions = (
				en,
				Base,
			);
			mainGroup = AF656B3B2D13E1D300F523EC;
			minimizedProjectReferenceProxies = 1;
			packageReferences = (
				AF656C652D19AAA200F523EC /* XCRemoteSwiftPackageReference "RxSwift" */,
			);
			preferredProjectObjectVersion = 77;
			productRefGroup = AF656B452D13E1D300F523EC /* Products */;
			projectDirPath = "";
			projectRoot = "";
			targets = (
				AF656B432D13E1D300F523EC /* DevNote */,
				AF656B592D13E1D500F523EC /* DevNoteTests */,
				AF656B632D13E1D500F523EC /* DevNoteUITests */,
			);
		};
/* End PBXProject section */

/* Begin PBXResourcesBuildPhase section */
		AF656B422D13E1D300F523EC /* Resources */ = {
			isa = PBXResourcesBuildPhase;
			buildActionMask = 2147483647;
			files = (
			);
			runOnlyForDeploymentPostprocessing = 0;
		};
		AF656B582D13E1D500F523EC /* Resources */ = {
			isa = PBXResourcesBuildPhase;
			buildActionMask = 2147483647;
			files = (
			);
			runOnlyForDeploymentPostprocessing = 0;
		};
		AF656B622D13E1D500F523EC /* Resources */ = {
			isa = PBXResourcesBuildPhase;
			buildActionMask = 2147483647;
			files = (
			);
			runOnlyForDeploymentPostprocessing = 0;
		};
/* End PBXResourcesBuildPhase section */

/* Begin PBXSourcesBuildPhase section */
		AF656B402D13E1D300F523EC /* Sources */ = {
			isa = PBXSourcesBuildPhase;
			buildActionMask = 2147483647;
			files = (
			);
			runOnlyForDeploymentPostprocessing = 0;
		};
		AF656B562D13E1D500F523EC /* Sources */ = {
			isa = PBXSourcesBuildPhase;
			buildActionMask = 2147483647;
			files = (
			);
			runOnlyForDeploymentPostprocessing = 0;
		};
		AF656B602D13E1D500F523EC /* Sources */ = {
			isa = PBXSourcesBuildPhase;
			buildActionMask = 2147483647;
			files = (
			);
			runOnlyForDeploymentPostprocessing = 0;
		};
/* End PBXSourcesBuildPhase section */

/* Begin PBXTargetDependency section */
		AF656B5C2D13E1D500F523EC /* PBXTargetDependency */ = {
			isa = PBXTargetDependency;
			target = AF656B432D13E1D300F523EC /* DevNote */;
			targetProxy = AF656B5B2D13E1D500F523EC /* PBXContainerItemProxy */;
		};
		AF656B662D13E1D500F523EC /* PBXTargetDependency */ = {
			isa = PBXTargetDependency;
			target = AF656B432D13E1D300F523EC /* DevNote */;
			targetProxy = AF656B652D13E1D500F523EC /* PBXContainerItemProxy */;
		};
/* End PBXTargetDependency section */

/* Begin XCBuildConfiguration section */
		AF656B6E2D13E1D500F523EC /* Debug */ = {
			isa = XCBuildConfiguration;
			buildSettings = {
				ASSETCATALOG_COMPILER_APPICON_NAME = AppIcon;
				ASSETCATALOG_COMPILER_GLOBAL_ACCENT_COLOR_NAME = AccentColor;
				CODE_SIGN_STYLE = Automatic;
				CURRENT_PROJECT_VERSION = 1;
				DEVELOPMENT_TEAM = ZWTS2P7AH7;
				GENERATE_INFOPLIST_FILE = YES;
				INFOPLIST_FILE = DevNote/Info.plist;
				INFOPLIST_KEY_LSApplicationCategoryType = "public.app-category.education";
				INFOPLIST_KEY_UIApplicationSupportsIndirectInputEvents = YES;
				INFOPLIST_KEY_UILaunchStoryboardName = LaunchScreen;
				INFOPLIST_KEY_UISupportedInterfaceOrientations = UIInterfaceOrientationPortrait;
				INFOPLIST_KEY_UISupportedInterfaceOrientations_iPad = "UIInterfaceOrientationLandscapeLeft UIInterfaceOrientationLandscapeRight UIInterfaceOrientationPortrait UIInterfaceOrientationPortraitUpsideDown";
				IPHONEOS_DEPLOYMENT_TARGET = 15.6;
				LD_RUNPATH_SEARCH_PATHS = (
					"$(inherited)",
					"@executable_path/Frameworks",
				);
				MARKETING_VERSION = 1.0;
				PRODUCT_BUNDLE_IDENTIFIER = com.onemorethink.DevNote;
				PRODUCT_NAME = "$(TARGET_NAME)";
				SUPPORTED_PLATFORMS = "iphoneos iphonesimulator";
				SUPPORTS_MACCATALYST = NO;
				SUPPORTS_MAC_DESIGNED_FOR_IPHONE_IPAD = NO;
				SUPPORTS_XR_DESIGNED_FOR_IPHONE_IPAD = NO;
				SWIFT_EMIT_LOC_STRINGS = YES;
				SWIFT_VERSION = 5.0;
				TARGETED_DEVICE_FAMILY = 1;
			};
			name = Debug;
		};
		AF656B6F2D13E1D500F523EC /* Release */ = {
			isa = XCBuildConfiguration;
			buildSettings = {
				ASSETCATALOG_COMPILER_APPICON_NAME = AppIcon;
				ASSETCATALOG_COMPILER_GLOBAL_ACCENT_COLOR_NAME = AccentColor;
				CODE_SIGN_STYLE = Automatic;
				CURRENT_PROJECT_VERSION = 1;
				DEVELOPMENT_TEAM = ZWTS2P7AH7;
				GENERATE_INFOPLIST_FILE = YES;
				INFOPLIST_FILE = DevNote/Info.plist;
				INFOPLIST_KEY_LSApplicationCategoryType = "public.app-category.education";
				INFOPLIST_KEY_UIApplicationSupportsIndirectInputEvents = YES;
				INFOPLIST_KEY_UILaunchStoryboardName = LaunchScreen;
				INFOPLIST_KEY_UISupportedInterfaceOrientations = UIInterfaceOrientationPortrait;
				INFOPLIST_KEY_UISupportedInterfaceOrientations_iPad = "UIInterfaceOrientationLandscapeLeft UIInterfaceOrientationLandscapeRight UIInterfaceOrientationPortrait UIInterfaceOrientationPortraitUpsideDown";
				IPHONEOS_DEPLOYMENT_TARGET = 15.6;
				LD_RUNPATH_SEARCH_PATHS = (
					"$(inherited)",
					"@executable_path/Frameworks",
				);
				MARKETING_VERSION = 1.0;
				PRODUCT_BUNDLE_IDENTIFIER = com.onemorethink.DevNote;
				PRODUCT_NAME = "$(TARGET_NAME)";
				SUPPORTED_PLATFORMS = "iphoneos iphonesimulator";
				SUPPORTS_MACCATALYST = NO;
				SUPPORTS_MAC_DESIGNED_FOR_IPHONE_IPAD = NO;
				SUPPORTS_XR_DESIGNED_FOR_IPHONE_IPAD = NO;
				SWIFT_EMIT_LOC_STRINGS = YES;
				SWIFT_VERSION = 5.0;
				TARGETED_DEVICE_FAMILY = 1;
			};
			name = Release;
		};
		AF656B702D13E1D500F523EC /* Debug */ = {
			isa = XCBuildConfiguration;
			buildSettings = {
				ALWAYS_SEARCH_USER_PATHS = NO;
				ASSETCATALOG_COMPILER_GENERATE_SWIFT_ASSET_SYMBOL_EXTENSIONS = YES;
				CLANG_ANALYZER_NONNULL = YES;
				CLANG_ANALYZER_NUMBER_OBJECT_CONVERSION = YES_AGGRESSIVE;
				CLANG_CXX_LANGUAGE_STANDARD = "gnu++20";
				CLANG_ENABLE_MODULES = YES;
				CLANG_ENABLE_OBJC_ARC = YES;
				CLANG_ENABLE_OBJC_WEAK = YES;
				CLANG_WARN_BLOCK_CAPTURE_AUTORELEASING = YES;
				CLANG_WARN_BOOL_CONVERSION = YES;
				CLANG_WARN_COMMA = YES;
				CLANG_WARN_CONSTANT_CONVERSION = YES;
				CLANG_WARN_DEPRECATED_OBJC_IMPLEMENTATIONS = YES;
				CLANG_WARN_DIRECT_OBJC_ISA_USAGE = YES_ERROR;
				CLANG_WARN_DOCUMENTATION_COMMENTS = YES;
				CLANG_WARN_EMPTY_BODY = YES;
				CLANG_WARN_ENUM_CONVERSION = YES;
				CLANG_WARN_INFINITE_RECURSION = YES;
				CLANG_WARN_INT_CONVERSION = YES;
				CLANG_WARN_NON_LITERAL_NULL_CONVERSION = YES;
				CLANG_WARN_OBJC_IMPLICIT_RETAIN_SELF = YES;
				CLANG_WARN_OBJC_LITERAL_CONVERSION = YES;
				CLANG_WARN_OBJC_ROOT_CLASS = YES_ERROR;
				CLANG_WARN_QUOTED_INCLUDE_IN_FRAMEWORK_HEADER = YES;
				CLANG_WARN_RANGE_LOOP_ANALYSIS = YES;
				CLANG_WARN_STRICT_PROTOTYPES = YES;
				CLANG_WARN_SUSPICIOUS_MOVE = YES;
				CLANG_WARN_UNGUARDED_AVAILABILITY = YES_AGGRESSIVE;
				CLANG_WARN_UNREACHABLE_CODE = YES;
				CLANG_WARN__DUPLICATE_METHOD_MATCH = YES;
				COPY_PHASE_STRIP = NO;
				DEBUG_INFORMATION_FORMAT = dwarf;
				ENABLE_STRICT_OBJC_MSGSEND = YES;
				ENABLE_TESTABILITY = YES;
				ENABLE_USER_SCRIPT_SANDBOXING = YES;
				GCC_C_LANGUAGE_STANDARD = gnu17;
				GCC_DYNAMIC_NO_PIC = NO;
				GCC_NO_COMMON_BLOCKS = YES;
				GCC_OPTIMIZATION_LEVEL = 0;
				GCC_PREPROCESSOR_DEFINITIONS = (
					"DEBUG=1",
					"$(inherited)",
				);
				GCC_WARN_64_TO_32_BIT_CONVERSION = YES;
				GCC_WARN_ABOUT_RETURN_TYPE = YES_ERROR;
				GCC_WARN_UNDECLARED_SELECTOR = YES;
				GCC_WARN_UNINITIALIZED_AUTOS = YES_AGGRESSIVE;
				GCC_WARN_UNUSED_FUNCTION = YES;
				GCC_WARN_UNUSED_VARIABLE = YES;
				IPHONEOS_DEPLOYMENT_TARGET = 18.2;
				LOCALIZATION_PREFERS_STRING_CATALOGS = YES;
				MTL_ENABLE_DEBUG_INFO = INCLUDE_SOURCE;
				MTL_FAST_MATH = YES;
				ONLY_ACTIVE_ARCH = YES;
				SDKROOT = iphoneos;
				SWIFT_ACTIVE_COMPILATION_CONDITIONS = "DEBUG $(inherited)";
				SWIFT_OPTIMIZATION_LEVEL = "-Onone";
			};
			name = Debug;
		};
		AF656B712D13E1D500F523EC /* Release */ = {
			isa = XCBuildConfiguration;
			buildSettings = {
				ALWAYS_SEARCH_USER_PATHS = NO;
				ASSETCATALOG_COMPILER_GENERATE_SWIFT_ASSET_SYMBOL_EXTENSIONS = YES;
				CLANG_ANALYZER_NONNULL = YES;
				CLANG_ANALYZER_NUMBER_OBJECT_CONVERSION = YES_AGGRESSIVE;
				CLANG_CXX_LANGUAGE_STANDARD = "gnu++20";
				CLANG_ENABLE_MODULES = YES;
				CLANG_ENABLE_OBJC_ARC = YES;
				CLANG_ENABLE_OBJC_WEAK = YES;
				CLANG_WARN_BLOCK_CAPTURE_AUTORELEASING = YES;
				CLANG_WARN_BOOL_CONVERSION = YES;
				CLANG_WARN_COMMA = YES;
				CLANG_WARN_CONSTANT_CONVERSION = YES;
				CLANG_WARN_DEPRECATED_OBJC_IMPLEMENTATIONS = YES;
				CLANG_WARN_DIRECT_OBJC_ISA_USAGE = YES_ERROR;
				CLANG_WARN_DOCUMENTATION_COMMENTS = YES;
				CLANG_WARN_EMPTY_BODY = YES;
				CLANG_WARN_ENUM_CONVERSION = YES;
				CLANG_WARN_INFINITE_RECURSION = YES;
				CLANG_WARN_INT_CONVERSION = YES;
				CLANG_WARN_NON_LITERAL_NULL_CONVERSION = YES;
				CLANG_WARN_OBJC_IMPLICIT_RETAIN_SELF = YES;
				CLANG_WARN_OBJC_LITERAL_CONVERSION = YES;
				CLANG_WARN_OBJC_ROOT_CLASS = YES_ERROR;
				CLANG_WARN_QUOTED_INCLUDE_IN_FRAMEWORK_HEADER = YES;
				CLANG_WARN_RANGE_LOOP_ANALYSIS = YES;
				CLANG_WARN_STRICT_PROTOTYPES = YES;
				CLANG_WARN_SUSPICIOUS_MOVE = YES;
				CLANG_WARN_UNGUARDED_AVAILABILITY = YES_AGGRESSIVE;
				CLANG_WARN_UNREACHABLE_CODE = YES;
				CLANG_WARN__DUPLICATE_METHOD_MATCH = YES;
				COPY_PHASE_STRIP = NO;
				DEBUG_INFORMATION_FORMAT = "dwarf-with-dsym";
				ENABLE_NS_ASSERTIONS = NO;
				ENABLE_STRICT_OBJC_MSGSEND = YES;
				ENABLE_USER_SCRIPT_SANDBOXING = YES;
				GCC_C_LANGUAGE_STANDARD = gnu17;
				GCC_NO_COMMON_BLOCKS = YES;
				GCC_WARN_64_TO_32_BIT_CONVERSION = YES;
				GCC_WARN_ABOUT_RETURN_TYPE = YES_ERROR;
				GCC_WARN_UNDECLARED_SELECTOR = YES;
				GCC_WARN_UNINITIALIZED_AUTOS = YES_AGGRESSIVE;
				GCC_WARN_UNUSED_FUNCTION = YES;
				GCC_WARN_UNUSED_VARIABLE = YES;
				IPHONEOS_DEPLOYMENT_TARGET = 18.2;
				LOCALIZATION_PREFERS_STRING_CATALOGS = YES;
				MTL_ENABLE_DEBUG_INFO = NO;
				MTL_FAST_MATH = YES;
				SDKROOT = iphoneos;
				SWIFT_COMPILATION_MODE = wholemodule;
				VALIDATE_PRODUCT = YES;
			};
			name = Release;
		};
		AF656B732D13E1D500F523EC /* Debug */ = {
			isa = XCBuildConfiguration;
			buildSettings = {
				BUNDLE_LOADER = "$(TEST_HOST)";
				CODE_SIGN_STYLE = Automatic;
				CURRENT_PROJECT_VERSION = 1;
				DEVELOPMENT_TEAM = ZWTS2P7AH7;
				GENERATE_INFOPLIST_FILE = YES;
				IPHONEOS_DEPLOYMENT_TARGET = 18.2;
				MARKETING_VERSION = 1.0;
				PRODUCT_BUNDLE_IDENTIFIER = com.onemorethink.DevNoteTests;
				PRODUCT_NAME = "$(TARGET_NAME)";
				SWIFT_EMIT_LOC_STRINGS = NO;
				SWIFT_VERSION = 5.0;
				TARGETED_DEVICE_FAMILY = "1,2";
				TEST_HOST = "$(BUILT_PRODUCTS_DIR)/DevNote.app/$(BUNDLE_EXECUTABLE_FOLDER_PATH)/DevNote";
			};
			name = Debug;
		};
		AF656B742D13E1D500F523EC /* Release */ = {
			isa = XCBuildConfiguration;
			buildSettings = {
				BUNDLE_LOADER = "$(TEST_HOST)";
				CODE_SIGN_STYLE = Automatic;
				CURRENT_PROJECT_VERSION = 1;
				DEVELOPMENT_TEAM = ZWTS2P7AH7;
				GENERATE_INFOPLIST_FILE = YES;
				IPHONEOS_DEPLOYMENT_TARGET = 18.2;
				MARKETING_VERSION = 1.0;
				PRODUCT_BUNDLE_IDENTIFIER = com.onemorethink.DevNoteTests;
				PRODUCT_NAME = "$(TARGET_NAME)";
				SWIFT_EMIT_LOC_STRINGS = NO;
				SWIFT_VERSION = 5.0;
				TARGETED_DEVICE_FAMILY = "1,2";
				TEST_HOST = "$(BUILT_PRODUCTS_DIR)/DevNote.app/$(BUNDLE_EXECUTABLE_FOLDER_PATH)/DevNote";
			};
			name = Release;
		};
		AF656B762D13E1D500F523EC /* Debug */ = {
			isa = XCBuildConfiguration;
			buildSettings = {
				CODE_SIGN_STYLE = Automatic;
				CURRENT_PROJECT_VERSION = 1;
				DEVELOPMENT_TEAM = ZWTS2P7AH7;
				GENERATE_INFOPLIST_FILE = YES;
				MARKETING_VERSION = 1.0;
				PRODUCT_BUNDLE_IDENTIFIER = com.onemorethink.DevNoteUITests;
				PRODUCT_NAME = "$(TARGET_NAME)";
				SWIFT_EMIT_LOC_STRINGS = NO;
				SWIFT_VERSION = 5.0;
				TARGETED_DEVICE_FAMILY = "1,2";
				TEST_TARGET_NAME = DevNote;
			};
			name = Debug;
		};
		AF656B772D13E1D500F523EC /* Release */ = {
			isa = XCBuildConfiguration;
			buildSettings = {
				CODE_SIGN_STYLE = Automatic;
				CURRENT_PROJECT_VERSION = 1;
				DEVELOPMENT_TEAM = ZWTS2P7AH7;
				GENERATE_INFOPLIST_FILE = YES;
				MARKETING_VERSION = 1.0;
				PRODUCT_BUNDLE_IDENTIFIER = com.onemorethink.DevNoteUITests;
				PRODUCT_NAME = "$(TARGET_NAME)";
				SWIFT_EMIT_LOC_STRINGS = NO;
				SWIFT_VERSION = 5.0;
				TARGETED_DEVICE_FAMILY = "1,2";
				TEST_TARGET_NAME = DevNote;
			};
			name = Release;
		};
/* End XCBuildConfiguration section */

/* Begin XCConfigurationList section */
		AF656B3F2D13E1D300F523EC /* Build configuration list for PBXProject "DevNote" */ = {
			isa = XCConfigurationList;
			buildConfigurations = (
				AF656B702D13E1D500F523EC /* Debug */,
				AF656B712D13E1D500F523EC /* Release */,
			);
			defaultConfigurationIsVisible = 0;
			defaultConfigurationName = Release;
		};
		AF656B6D2D13E1D500F523EC /* Build configuration list for PBXNativeTarget "DevNote" */ = {
			isa = XCConfigurationList;
			buildConfigurations = (
				AF656B6E2D13E1D500F523EC /* Debug */,
				AF656B6F2D13E1D500F523EC /* Release */,
			);
			defaultConfigurationIsVisible = 0;
			defaultConfigurationName = Release;
		};
		AF656B722D13E1D500F523EC /* Build configuration list for PBXNativeTarget "DevNoteTests" */ = {
			isa = XCConfigurationList;
			buildConfigurations = (
				AF656B732D13E1D500F523EC /* Debug */,
				AF656B742D13E1D500F523EC /* Release */,
			);
			defaultConfigurationIsVisible = 0;
			defaultConfigurationName = Release;
		};
		AF656B752D13E1D500F523EC /* Build configuration list for PBXNativeTarget "DevNoteUITests" */ = {
			isa = XCConfigurationList;
			buildConfigurations = (
				AF656B762D13E1D500F523EC /* Debug */,
				AF656B772D13E1D500F523EC /* Release */,
			);
			defaultConfigurationIsVisible = 0;
			defaultConfigurationName = Release;
		};
/* End XCConfigurationList section */

/* Begin XCRemoteSwiftPackageReference section */
		AF656C652D19AAA200F523EC /* XCRemoteSwiftPackageReference "RxSwift" */ = {
			isa = XCRemoteSwiftPackageReference;
			repositoryURL = "https://github.com/ReactiveX/RxSwift.git";
			requirement = {
				kind = upToNextMajorVersion;
				minimumVersion = 6.8.0;
			};
		};
/* End XCRemoteSwiftPackageReference section */

/* Begin XCSwiftPackageProductDependency section */
		AF656C662D19AAA200F523EC /* RxBlocking */ = {
			isa = XCSwiftPackageProductDependency;
			package = AF656C652D19AAA200F523EC /* XCRemoteSwiftPackageReference "RxSwift" */;
			productName = RxBlocking;
		};
		AF656C682D19AAA200F523EC /* RxCocoa */ = {
			isa = XCSwiftPackageProductDependency;
			package = AF656C652D19AAA200F523EC /* XCRemoteSwiftPackageReference "RxSwift" */;
			productName = RxCocoa;
		};
		AF656C6A2D19AAA200F523EC /* RxRelay */ = {
			isa = XCSwiftPackageProductDependency;
			package = AF656C652D19AAA200F523EC /* XCRemoteSwiftPackageReference "RxSwift" */;
			productName = RxRelay;
		};
		AF656C6C2D19AAA200F523EC /* RxSwift */ = {
			isa = XCSwiftPackageProductDependency;
			package = AF656C652D19AAA200F523EC /* XCRemoteSwiftPackageReference "RxSwift" */;
			productName = RxSwift;
		};
		AF656C6E2D19AAA200F523EC /* RxTest */ = {
			isa = XCSwiftPackageProductDependency;
			package = AF656C652D19AAA200F523EC /* XCRemoteSwiftPackageReference "RxSwift" */;
			productName = RxTest;
		};
/* End XCSwiftPackageProductDependency section */
	};
	rootObject = AF656B3C2D13E1D300F523EC /* Project object */;
}
